
Microsoft Visual Studio Solution File, Format Version 12.00
# Visual Studio Version 17
VisualStudioVersion = 17.5.002.0
MinimumVisualStudioVersion = 10.0.40219.1
Project("{9A19103F-16F7-4668-BE54-9A1E7A4F7556}") = "rpglms_backend", "rpglms_backend.csproj", "{06BEF3B7-A50C-402C-B9BF-14D69B2B8690}"
EndProject
Global
	GlobalSection(SolutionConfigurationPlatforms) = preSolution
		Debug|Any CPU = Debug|Any CPU
		Release|Any CPU = Release|Any CPU
	EndGlobalSection
	GlobalSection(ProjectConfigurationPlatforms) = postSolution
		{06BEF3B7-A50C-402C-B9BF-14D69B2B8690}.Debug|Any CPU.ActiveCfg = Debug|Any CPU
		{06BEF3B7-A50C-402C-B9BF-14D69B2B8690}.Debug|Any CPU.Build.0 = Debug|Any CPU
		{06BEF3B7-A50C-402C-B9BF-14D69B2B8690}.Release|Any CPU.ActiveCfg = Release|Any CPU
		{06BEF3B7-A50C-402C-B9BF-14D69B2B8690}.Release|Any CPU.Build.0 = Release|Any CPU
	EndGlobalSection
	GlobalSection(SolutionProperties) = preSolution
		HideSolutionNode = FALSE
	EndGlobalSection
	GlobalSection(ExtensibilityGlobals) = postSolution
		SolutionGuid = {C5B41C38-87AF-4CF3-842B-8576AD980BB4}
	EndGlobalSection
EndGlobal
